
Microsoft Visual Studio Solution File, Format Version 12.00
# Visual Studio Version 16
VisualStudioVersion = 16.0.31702.278
MinimumVisualStudioVersion = 10.0.40219.1
Project("{FAE04EC0-301F-11D3-BF4B-00C04F79EFBC}") = "DevBuildToDoLab", "DevBuildToDoLab\DevBuildToDoLab.csproj", "{A31B3459-3158-4C48-BF60-1B57F5A05AE9}"
EndProject
Global
	GlobalSection(SolutionConfigurationPlatforms) = preSolution
		Debug|Any CPU = Debug|Any CPU
		Release|Any CPU = Release|Any CPU
	EndGlobalSection
	GlobalSection(ProjectConfigurationPlatforms) = postSolution
		{A31B3459-3158-4C48-BF60-1B57F5A05AE9}.Debug|Any CPU.ActiveCfg = Debug|Any CPU
		{A31B3459-3158-4C48-BF60-1B57F5A05AE9}.Debug|Any CPU.Build.0 = Debug|Any CPU
		{A31B3459-3158-4C48-BF60-1B57F5A05AE9}.Release|Any CPU.ActiveCfg = Release|Any CPU
		{A31B3459-3158-4C48-BF60-1B57F5A05AE9}.Release|Any CPU.Build.0 = Release|Any CPU
	EndGlobalSection
	GlobalSection(SolutionProperties) = preSolution
		HideSolutionNode = FALSE
	EndGlobalSection
	GlobalSection(ExtensibilityGlobals) = postSolution
		SolutionGuid = {86F00CB8-54B7-422B-B6FD-307DE7F51E5F}
	EndGlobalSection
EndGlobal
